
Microsoft Visual Studio Solution File, Format Version 12.00
# Visual Studio Version 16
VisualStudioVersion = 16.0.30413.136
MinimumVisualStudioVersion = 10.0.40219.1
Project("{9A19103F-16F7-4668-BE54-9A1E7A4F7556}") = "MarketService", "MarketService\MarketService.csproj", "{8BE357D6-ED56-4902-8C28-61871A7B6EAA}"
EndProject
Project("{FAE04EC0-301F-11D3-BF4B-00C04F79EFBC}") = "OpenBee_UnitTests", "OpenBee_UnitTests\OpenBee_UnitTests.csproj", "{AB6E2D79-50F4-4175-B091-681A642C0929}"
	ProjectSection(ProjectDependencies) = postProject
		{8BE357D6-ED56-4902-8C28-61871A7B6EAA} = {8BE357D6-ED56-4902-8C28-61871A7B6EAA}
	EndProjectSection
EndProject
Project("{9A19103F-16F7-4668-BE54-9A1E7A4F7556}") = "TradeService", "TradeService\TradeService.csproj", "{D53F9DEF-C420-40D5-B141-6A098AF60E93}"
EndProject
Project("{FAE04EC0-301F-11D3-BF4B-00C04F79EFBC}") = "UserService", "UserService\UserService.csproj", "{BD4F27E4-0156-4624-92DA-21084ECEC559}"
EndProject
Global
	GlobalSection(SolutionConfigurationPlatforms) = preSolution
		Debug|Any CPU = Debug|Any CPU
		Release|Any CPU = Release|Any CPU
	EndGlobalSection
	GlobalSection(ProjectConfigurationPlatforms) = postSolution
		{8BE357D6-ED56-4902-8C28-61871A7B6EAA}.Debug|Any CPU.ActiveCfg = Debug|Any CPU
		{8BE357D6-ED56-4902-8C28-61871A7B6EAA}.Debug|Any CPU.Build.0 = Debug|Any CPU
		{8BE357D6-ED56-4902-8C28-61871A7B6EAA}.Release|Any CPU.ActiveCfg = Release|Any CPU
		{8BE357D6-ED56-4902-8C28-61871A7B6EAA}.Release|Any CPU.Build.0 = Release|Any CPU
		{AB6E2D79-50F4-4175-B091-681A642C0929}.Debug|Any CPU.ActiveCfg = Debug|Any CPU
		{AB6E2D79-50F4-4175-B091-681A642C0929}.Debug|Any CPU.Build.0 = Debug|Any CPU
		{AB6E2D79-50F4-4175-B091-681A642C0929}.Release|Any CPU.ActiveCfg = Release|Any CPU
		{AB6E2D79-50F4-4175-B091-681A642C0929}.Release|Any CPU.Build.0 = Release|Any CPU
		{D53F9DEF-C420-40D5-B141-6A098AF60E93}.Debug|Any CPU.ActiveCfg = Debug|Any CPU
		{D53F9DEF-C420-40D5-B141-6A098AF60E93}.Debug|Any CPU.Build.0 = Debug|Any CPU
		{D53F9DEF-C420-40D5-B141-6A098AF60E93}.Release|Any CPU.ActiveCfg = Release|Any CPU
		{D53F9DEF-C420-40D5-B141-6A098AF60E93}.Release|Any CPU.Build.0 = Release|Any CPU
		{BD4F27E4-0156-4624-92DA-21084ECEC559}.Debug|Any CPU.ActiveCfg = Debug|Any CPU
		{BD4F27E4-0156-4624-92DA-21084ECEC559}.Debug|Any CPU.Build.0 = Debug|Any CPU
		{BD4F27E4-0156-4624-92DA-21084ECEC559}.Release|Any CPU.ActiveCfg = Release|Any CPU
		{BD4F27E4-0156-4624-92DA-21084ECEC559}.Release|Any CPU.Build.0 = Release|Any CPU
	EndGlobalSection
	GlobalSection(SolutionProperties) = preSolution
		HideSolutionNode = FALSE
	EndGlobalSection
	GlobalSection(ExtensibilityGlobals) = postSolution
		SolutionGuid = {FEA2FFA5-5B07-49D5-8C5F-8526A637E06A}
	EndGlobalSection
EndGlobal
